{
  "version": 4,
  "terraform_version": "0.14.10",
  "serial": 71,
  "lineage": "825ea91d-28ee-a3f1-2c1d-d5cc6222ea84",
  "outputs": {},
  "resources": [
    {
      "mode": "data",
      "type": "aws_iam_policy_document",
      "name": "lambda_assume_policy",
      "provider": "provider[\"registry.terraform.io/hashicorp/aws\"]",
      "instances": [
        {
          "schema_version": 0,
          "attributes": {
            "id": "3693445097",
            "json": "{\n  \"Version\": \"2012-10-17\",\n  \"Statement\": [\n    {\n      \"Sid\": \"\",\n      \"Effect\": \"Allow\",\n      \"Action\": \"sts:AssumeRole\",\n      \"Principal\": {\n        \"Service\": \"lambda.amazonaws.com\"\n      }\n    }\n  ]\n}",
            "override_json": null,
            "override_policy_documents": null,
            "policy_id": null,
            "source_json": null,
            "source_policy_documents": null,
            "statement": [
              {
                "actions": [
                  "sts:AssumeRole"
                ],
                "condition": [],
                "effect": "Allow",
                "not_actions": [],
                "not_principals": [],
                "not_resources": [],
                "principals": [
                  {
                    "identifiers": [
                      "lambda.amazonaws.com"
                    ],
                    "type": "Service"
                  }
                ],
                "resources": [],
                "sid": ""
              }
            ],
            "version": "2012-10-17"
          },
          "sensitive_attributes": []
        }
      ]
    },
    {
      "mode": "managed",
      "type": "aws_iam_policy",
      "name": "lambda_exec_log_write",
      "provider": "provider[\"registry.terraform.io/hashicorp/aws\"]",
      "instances": [
        {
          "schema_version": 0,
          "attributes": {
            "arn": "arn:aws:iam::797805152351:policy/lambda_exec_log_write",
            "description": "Policy for allowing Lambda functions to write to CW",
            "id": "arn:aws:iam::797805152351:policy/lambda_exec_log_write",
            "name": "lambda_exec_log_write",
            "name_prefix": null,
            "path": "/",
            "policy": "{\"Statement\":[{\"Action\":[\"logs:CreateLogStream\",\"logs:PutLogEvents\"],\"Effect\":\"Allow\",\"Resource\":\"arn:aws:logs:us-west-2:797805152351:log-group:/aws/lambda/*\"},{\"Action\":[\"logs:CreateLogGroup\"],\"Effect\":\"Allow\",\"Resource\":\"arn:aws:logs:us-west-2:797805152351:*\"}],\"Version\":\"2012-10-17\"}",
            "policy_id": "ANPA3TQHERBPQWMD2ME26",
            "tags": {}
          },
          "sensitive_attributes": [],
          "private": "bnVsbA=="
        }
      ]
    },
    {
      "mode": "managed",
      "type": "aws_iam_role",
      "name": "JoinSessionRole",
      "provider": "provider[\"registry.terraform.io/hashicorp/aws\"]",
      "instances": [
        {
          "schema_version": 0,
          "attributes": {
            "arn": "arn:aws:iam::797805152351:role/JoinSessionLambdaRole",
            "assume_role_policy": "{\"Version\":\"2012-10-17\",\"Statement\":[{\"Sid\":\"\",\"Effect\":\"Allow\",\"Principal\":{\"Service\":\"lambda.amazonaws.com\"},\"Action\":\"sts:AssumeRole\"}]}",
            "create_date": "2021-04-11T03:53:00Z",
            "description": "",
            "force_detach_policies": false,
            "id": "JoinSessionLambdaRole",
            "inline_policy": [
              {
                "name": "",
                "policy": ""
              }
            ],
            "managed_policy_arns": [
              "arn:aws:iam::797805152351:policy/lambda_exec_log_write",
              "arn:aws:iam::aws:policy/AmazonDynamoDBFullAccess"
            ],
            "max_session_duration": 3600,
            "name": "JoinSessionLambdaRole",
            "name_prefix": null,
            "path": "/",
            "permissions_boundary": null,
            "tags": {},
            "unique_id": "AROA3TQHERBPUHCYKMRLJ"
          },
          "sensitive_attributes": [],
          "private": "bnVsbA==",
          "dependencies": [
            "aws_iam_policy.lambda_exec_log_write",
            "data.aws_iam_policy_document.lambda_assume_policy"
          ]
        }
      ]
    },
    {
      "module": "module.lambda_function",
      "mode": "data",
      "type": "external",
      "name": "archive_prepare",
      "provider": "provider[\"registry.terraform.io/hashicorp/external\"]",
      "instances": [
        {
          "index_key": 0,
          "schema_version": 0,
          "attributes": {
            "id": "-",
            "program": [
              "python3",
              ".terraform/modules/lambda_function/package.py",
              "prepare"
            ],
            "query": {
              "artifacts_dir": "builds",
              "hash_extra": "",
              "hash_extra_paths": "[]",
              "paths": "{\"cwd\":\"/home/nick/Documents/BABABOOI/bababooi-infra/terraform\",\"module\":\".terraform/modules/lambda_function\",\"root\":\".\"}",
              "runtime": "python3.8",
              "source_path": "[{\"path\":\"../lambda-source\"},{\"path\":\"../lambda-source/package\"}]"
            },
            "result": {
              "build_plan": "{\"filename\": \"builds/481ea55167217854cdaa5421ec65ba7aa5d443eeeee1753cfd4a15582252f050.zip\", \"runtime\": \"python3.8\", \"artifacts_dir\": \"builds\", \"build_plan\": [[\"zip\", \"../lambda-source\", null], [\"zip\", \"../lambda-source/package\", null]]}",
              "build_plan_filename": "builds/481ea55167217854cdaa5421ec65ba7aa5d443eeeee1753cfd4a15582252f050.plan.json",
              "filename": "builds/481ea55167217854cdaa5421ec65ba7aa5d443eeeee1753cfd4a15582252f050.zip",
              "timestamp": "1618141240971608000",
              "was_missing": "true"
            },
            "working_dir": "/home/nick/Documents/BABABOOI/bababooi-infra/terraform"
          },
          "sensitive_attributes": []
        }
      ]
    },
    {
      "module": "module.lambda_function",
      "mode": "managed",
      "type": "aws_cloudwatch_log_group",
      "name": "lambda",
      "provider": "provider[\"registry.terraform.io/hashicorp/aws\"]",
      "instances": [
        {
          "index_key": 0,
          "schema_version": 0,
          "attributes": {
            "arn": "arn:aws:logs:us-west-2:797805152351:log-group:/aws/lambda/JoinGame",
            "id": "/aws/lambda/JoinGame",
            "kms_key_id": "",
            "name": "/aws/lambda/JoinGame",
            "name_prefix": null,
            "retention_in_days": 0,
            "tags": {}
          },
          "sensitive_attributes": [],
          "private": "bnVsbA=="
        }
      ]
    },
    {
      "module": "module.lambda_function",
      "mode": "managed",
      "type": "aws_lambda_function",
      "name": "this",
      "provider": "provider[\"registry.terraform.io/hashicorp/aws\"]",
      "instances": [
        {
          "index_key": 0,
          "schema_version": 0,
          "attributes": {
            "arn": "arn:aws:lambda:us-west-2:797805152351:function:JoinGame",
            "code_signing_config_arn": "",
            "dead_letter_config": [],
            "description": "",
            "environment": [
              {
                "variables": {
                  "DDB_GAME_SESSION_TABLE": "GamesManagerTable",
                  "DDB_HOST_TABLE": "ActiveHosts",
                  "GAMEID_LENGTH": "6"
                }
              }
            ],
            "file_system_config": [],
            "filename": null,
            "function_name": "JoinGame",
            "handler": "JoinGame.lambda_handler",
            "id": "JoinGame",
            "image_config": [],
            "image_uri": "",
            "invoke_arn": "arn:aws:apigateway:us-west-2:lambda:path/2015-03-31/functions/arn:aws:lambda:us-west-2:797805152351:function:JoinGame/invocations",
            "kms_key_arn": "",
            "last_modified": "2021-04-11T11:40:53.050+0000",
            "layers": [],
            "memory_size": 128,
            "package_type": "Zip",
            "publish": true,
            "qualified_arn": "arn:aws:lambda:us-west-2:797805152351:function:JoinGame:3",
            "reserved_concurrent_executions": -1,
            "role": "arn:aws:iam::797805152351:role/JoinSessionLambdaRole",
            "runtime": "python3.8",
            "s3_bucket": "bababooi-lambda-sources",
            "s3_key": "builds/481ea55167217854cdaa5421ec65ba7aa5d443eeeee1753cfd4a15582252f050.zip",
            "s3_object_version": "",
            "signing_job_arn": "",
            "signing_profile_version_arn": "",
            "source_code_hash": "SIa10lkkn8I1zgDjvJs5pgqw8r0UNupnbgwP5QOVnmA=",
            "source_code_size": 2001693,
            "tags": {},
            "timeout": 15,
            "timeouts": null,
            "tracing_config": [
              {
                "mode": "PassThrough"
              }
            ],
            "version": "3",
            "vpc_config": []
          },
          "sensitive_attributes": [],
          "private": "eyJlMmJmYjczMC1lY2FhLTExZTYtOGY4OC0zNDM2M2JjN2M0YzAiOnsiY3JlYXRlIjo2MDAwMDAwMDAwMDB9fQ==",
          "dependencies": [
            "aws_iam_role.JoinSessionRole",
            "module.lambda_function.aws_iam_role.lambda",
            "module.lambda_function.aws_s3_bucket_object.lambda_package",
            "module.lambda_function.data.external.archive_prepare",
            "module.lambda_function.local_file.archive_plan",
            "module.lambda_function.null_resource.archive"
          ]
        }
      ]
    },
    {
      "module": "module.lambda_function",
      "mode": "managed",
      "type": "aws_lambda_permission",
      "name": "current_version_triggers",
      "provider": "provider[\"registry.terraform.io/hashicorp/aws\"]",
      "instances": [
        {
          "index_key": "APIGatewayAny",
          "schema_version": 0,
          "attributes": {
            "action": "lambda:InvokeFunction",
            "event_source_token": null,
            "function_name": "JoinGame",
            "id": "APIGatewayAny",
            "principal": "apigateway.amazonaws.com",
            "qualifier": "3",
            "source_account": null,
            "source_arn": "arn:aws:execute-api:us-west-2:797805152351:*",
            "statement_id": "APIGatewayAny",
            "statement_id_prefix": null
          },
          "sensitive_attributes": [],
          "private": "bnVsbA==",
          "dependencies": [
            "aws_iam_role.JoinSessionRole",
            "module.lambda_function.aws_iam_role.lambda",
            "module.lambda_function.aws_lambda_function.this",
            "module.lambda_function.aws_s3_bucket_object.lambda_package",
            "module.lambda_function.data.external.archive_prepare",
            "module.lambda_function.local_file.archive_plan",
            "module.lambda_function.null_resource.archive"
          ]
        }
      ]
    },
    {
      "module": "module.lambda_function",
      "mode": "managed",
      "type": "aws_lambda_permission",
      "name": "unqualified_alias_triggers",
      "provider": "provider[\"registry.terraform.io/hashicorp/aws\"]",
      "instances": [
        {
          "index_key": "APIGatewayAny",
          "schema_version": 0,
          "attributes": {
            "action": "lambda:InvokeFunction",
            "event_source_token": null,
            "function_name": "JoinGame",
            "id": "APIGatewayAny",
            "principal": "apigateway.amazonaws.com",
            "qualifier": "",
            "source_account": null,
            "source_arn": "arn:aws:execute-api:us-west-2:797805152351:*",
            "statement_id": "APIGatewayAny",
            "statement_id_prefix": null
          },
          "sensitive_attributes": [],
          "private": "bnVsbA==",
          "dependencies": [
            "aws_iam_policy.lambda_exec_log_write",
            "aws_iam_role.JoinSessionRole",
            "data.aws_iam_policy_document.lambda_assume_policy",
            "module.lambda_function.aws_iam_role.lambda",
            "module.lambda_function.aws_lambda_function.this",
            "module.lambda_function.aws_s3_bucket_object.lambda_package",
            "module.lambda_function.data.aws_iam_policy_document.assume_role",
            "module.lambda_function.data.external.archive_prepare",
            "module.lambda_function.local_file.archive_plan",
            "module.lambda_function.null_resource.archive"
          ]
        }
      ]
    },
    {
      "module": "module.lambda_function",
      "mode": "managed",
      "type": "aws_s3_bucket_object",
      "name": "lambda_package",
      "provider": "provider[\"registry.terraform.io/hashicorp/aws\"]",
      "instances": [
        {
          "index_key": 0,
          "schema_version": 0,
          "attributes": {
            "acl": "private",
            "bucket": "bababooi-lambda-sources",
            "bucket_key_enabled": false,
            "cache_control": "",
            "content": null,
            "content_base64": null,
            "content_disposition": "",
            "content_encoding": "",
            "content_language": "",
            "content_type": "binary/octet-stream",
            "etag": "50dbc62dc02e048d028ee03ccdf1b26a",
            "force_destroy": false,
            "id": "builds/481ea55167217854cdaa5421ec65ba7aa5d443eeeee1753cfd4a15582252f050.zip",
            "key": "builds/481ea55167217854cdaa5421ec65ba7aa5d443eeeee1753cfd4a15582252f050.zip",
            "kms_key_id": null,
            "metadata": null,
            "object_lock_legal_hold_status": "",
            "object_lock_mode": "",
            "object_lock_retain_until_date": "",
            "server_side_encryption": "",
            "source": "builds/481ea55167217854cdaa5421ec65ba7aa5d443eeeee1753cfd4a15582252f050.zip",
            "storage_class": "ONEZONE_IA",
            "tags": null,
            "version_id": "",
            "website_redirect": ""
          },
          "sensitive_attributes": [],
          "private": "bnVsbA==",
          "dependencies": [
            "module.lambda_function.data.external.archive_prepare",
            "module.lambda_function.local_file.archive_plan",
            "module.lambda_function.null_resource.archive"
          ]
        }
      ]
    },
    {
      "module": "module.lambda_function",
      "mode": "managed",
      "type": "local_file",
      "name": "archive_plan",
      "provider": "provider[\"registry.terraform.io/hashicorp/local\"]",
      "instances": [
        {
          "index_key": 0,
          "schema_version": 0,
          "attributes": {
            "content": "{\"filename\": \"builds/481ea55167217854cdaa5421ec65ba7aa5d443eeeee1753cfd4a15582252f050.zip\", \"runtime\": \"python3.8\", \"artifacts_dir\": \"builds\", \"build_plan\": [[\"zip\", \"../lambda-source\", null], [\"zip\", \"../lambda-source/package\", null]]}",
            "content_base64": null,
            "directory_permission": "0755",
            "file_permission": "0644",
            "filename": "builds/481ea55167217854cdaa5421ec65ba7aa5d443eeeee1753cfd4a15582252f050.plan.json",
            "id": "c46e404de396e6e25d1b226e373a63f1ce2d15b0",
            "sensitive_content": null,
            "source": null
          },
          "sensitive_attributes": [],
          "private": "bnVsbA==",
          "dependencies": [
            "module.lambda_function.data.external.archive_prepare"
          ]
        }
      ]
    },
    {
      "module": "module.lambda_function",
      "mode": "managed",
      "type": "null_resource",
      "name": "archive",
      "provider": "provider[\"registry.terraform.io/hashicorp/null\"]",
      "instances": [
        {
          "index_key": 0,
          "schema_version": 0,
          "attributes": {
            "id": "6901241503217591233",
            "triggers": {
              "filename": "builds/481ea55167217854cdaa5421ec65ba7aa5d443eeeee1753cfd4a15582252f050.zip",
              "timestamp": "1618141240971608000"
            }
          },
          "sensitive_attributes": [],
          "private": "bnVsbA==",
          "dependencies": [
            "module.lambda_function.data.external.archive_prepare",
            "module.lambda_function.local_file.archive_plan"
          ]
        }
      ]
    }
  ]
}
